
Microsoft Visual Studio Solution File, Format Version 12.00
# Visual Studio Version 17
VisualStudioVersion = 17.0.31903.59
MinimumVisualStudioVersion = 10.0.40219.1
Project("{FAE04EC0-301F-11D3-BF4B-00C04F79EFBC}") = "06", "06\06.csproj", "{10A33E16-C681-4C37-A4E2-896C030F9023}"
EndProject
Project("{FAE04EC0-301F-11D3-BF4B-00C04F79EFBC}") = "04", "04\04.csproj", "{BFF22365-225D-4371-947C-B5CD136BEF2D}"
EndProject
Project("{FAE04EC0-301F-11D3-BF4B-00C04F79EFBC}") = "01", "01\01.csproj", "{AA118B7F-1C28-4E31-8E74-0225BE79AD84}"
EndProject
Project("{FAE04EC0-301F-11D3-BF4B-00C04F79EFBC}") = "02", "02\02.csproj", "{AB98107E-5ABA-4C1D-A509-1CB8B2F560F0}"
EndProject
Project("{FAE04EC0-301F-11D3-BF4B-00C04F79EFBC}") = "03", "03\03.csproj", "{E42C0A6F-36AB-41C6-BCD6-D1E1467F56E3}"
EndProject
Project("{FAE04EC0-301F-11D3-BF4B-00C04F79EFBC}") = "05", "05\05.csproj", "{03311FD6-9958-4E1E-A79D-FBAF2CD18F5E}"
EndProject
Global
	GlobalSection(SolutionConfigurationPlatforms) = preSolution
		Debug|Any CPU = Debug|Any CPU
		Release|Any CPU = Release|Any CPU
	EndGlobalSection
	GlobalSection(SolutionProperties) = preSolution
		HideSolutionNode = FALSE
	EndGlobalSection
	GlobalSection(ProjectConfigurationPlatforms) = postSolution
		{10A33E16-C681-4C37-A4E2-896C030F9023}.Debug|Any CPU.ActiveCfg = Debug|Any CPU
		{10A33E16-C681-4C37-A4E2-896C030F9023}.Debug|Any CPU.Build.0 = Debug|Any CPU
		{10A33E16-C681-4C37-A4E2-896C030F9023}.Release|Any CPU.ActiveCfg = Release|Any CPU
		{10A33E16-C681-4C37-A4E2-896C030F9023}.Release|Any CPU.Build.0 = Release|Any CPU
		{BFF22365-225D-4371-947C-B5CD136BEF2D}.Debug|Any CPU.ActiveCfg = Debug|Any CPU
		{BFF22365-225D-4371-947C-B5CD136BEF2D}.Debug|Any CPU.Build.0 = Debug|Any CPU
		{BFF22365-225D-4371-947C-B5CD136BEF2D}.Release|Any CPU.ActiveCfg = Release|Any CPU
		{BFF22365-225D-4371-947C-B5CD136BEF2D}.Release|Any CPU.Build.0 = Release|Any CPU
		{AA118B7F-1C28-4E31-8E74-0225BE79AD84}.Debug|Any CPU.ActiveCfg = Debug|Any CPU
		{AA118B7F-1C28-4E31-8E74-0225BE79AD84}.Debug|Any CPU.Build.0 = Debug|Any CPU
		{AA118B7F-1C28-4E31-8E74-0225BE79AD84}.Release|Any CPU.ActiveCfg = Release|Any CPU
		{AA118B7F-1C28-4E31-8E74-0225BE79AD84}.Release|Any CPU.Build.0 = Release|Any CPU
		{AB98107E-5ABA-4C1D-A509-1CB8B2F560F0}.Debug|Any CPU.ActiveCfg = Debug|Any CPU
		{AB98107E-5ABA-4C1D-A509-1CB8B2F560F0}.Debug|Any CPU.Build.0 = Debug|Any CPU
		{AB98107E-5ABA-4C1D-A509-1CB8B2F560F0}.Release|Any CPU.ActiveCfg = Release|Any CPU
		{AB98107E-5ABA-4C1D-A509-1CB8B2F560F0}.Release|Any CPU.Build.0 = Release|Any CPU
		{E42C0A6F-36AB-41C6-BCD6-D1E1467F56E3}.Debug|Any CPU.ActiveCfg = Debug|Any CPU
		{E42C0A6F-36AB-41C6-BCD6-D1E1467F56E3}.Debug|Any CPU.Build.0 = Debug|Any CPU
		{E42C0A6F-36AB-41C6-BCD6-D1E1467F56E3}.Release|Any CPU.ActiveCfg = Release|Any CPU
		{E42C0A6F-36AB-41C6-BCD6-D1E1467F56E3}.Release|Any CPU.Build.0 = Release|Any CPU
		{03311FD6-9958-4E1E-A79D-FBAF2CD18F5E}.Debug|Any CPU.ActiveCfg = Debug|Any CPU
		{03311FD6-9958-4E1E-A79D-FBAF2CD18F5E}.Debug|Any CPU.Build.0 = Debug|Any CPU
		{03311FD6-9958-4E1E-A79D-FBAF2CD18F5E}.Release|Any CPU.ActiveCfg = Release|Any CPU
		{03311FD6-9958-4E1E-A79D-FBAF2CD18F5E}.Release|Any CPU.Build.0 = Release|Any CPU
	EndGlobalSection
EndGlobal
